github.com/bcowtech/types v0.1.0 h1:MrUadVmRc22FL3VUWQyX9Ytzia7zKgD+FsxApmBDJ44=
github.com/bcowtech/types v0.1.0/go.mod h1:zcU4ACVupWFDB6mrIkbOZXF1Ure50pswyWvoBAd9KGE=
github.com/cstockton/go-conv v0.0.0-20170524002450-66a2b2ba36e1 h1:h4OgDocdYHGiUh+zUEe4nFlb9ShoHUllqDefGaRoZFg=
github.com/cstockton/go-conv v0.0.0-20170524002450-66a2b2ba36e1/go.mod h1:MBKpQ5HV5wcT/nQYoEqjSMiXwxPouaReOs2f4kj70SQ=
